
Microsoft Visual Studio Solution File, Format Version 12.00
# Visual Studio Version 17
VisualStudioVersion = 17.14.36127.28
MinimumVisualStudioVersion = 10.0.40219.1
Project("{FAE04EC0-301F-11D3-BF4B-00C04F79EFBC}") = "myfirstDB", "myfirstDB\myfirstDB.csproj", "{BA0CD889-27A7-4723-A895-BE36E51F4664}"
EndProject
Global
	GlobalSection(SolutionConfigurationPlatforms) = preSolution
		Debug|Any CPU = Debug|Any CPU
		Release|Any CPU = Release|Any CPU
	EndGlobalSection
	GlobalSection(ProjectConfigurationPlatforms) = postSolution
		{BA0CD889-27A7-4723-A895-BE36E51F4664}.Debug|Any CPU.ActiveCfg = Debug|Any CPU
		{BA0CD889-27A7-4723-A895-BE36E51F4664}.Debug|Any CPU.Build.0 = Debug|Any CPU
		{BA0CD889-27A7-4723-A895-BE36E51F4664}.Release|Any CPU.ActiveCfg = Release|Any CPU
		{BA0CD889-27A7-4723-A895-BE36E51F4664}.Release|Any CPU.Build.0 = Release|Any CPU
	EndGlobalSection
	GlobalSection(SolutionProperties) = preSolution
		HideSolutionNode = FALSE
	EndGlobalSection
	GlobalSection(ExtensibilityGlobals) = postSolution
		SolutionGuid = {62D956CF-B5EA-4FAA-AF55-0D970E622876}
	EndGlobalSection
EndGlobal
